
Microsoft Visual Studio Solution File, Format Version 12.00
# Visual Studio 15
Project("{FAE04EC0-301F-11D3-BF4B-00C04F79EFBC}") = "PokerEngine", "PokerEngine\PokerEngine.csproj", "{A8F50651-DD6B-487D-8894-01933E6CA72A}"
EndProject
Project("{FAE04EC0-301F-11D3-BF4B-00C04F79EFBC}") = "PokerEngineTests", "PokerEngineTests\PokerEngineTests.csproj", "{AF6110D2-DA05-4EF0-8F63-EEE97AFB0818}"
EndProject
Project("{FAE04EC0-301F-11D3-BF4B-00C04F79EFBC}") = "PokerHands", "PokerHands\PokerHands.csproj", "{3DDC5877-F0C8-42A5-95BD-B81E6F9A5770}"
EndProject
Global
	GlobalSection(SolutionConfigurationPlatforms) = preSolution
		Debug|Any CPU = Debug|Any CPU
		Release|Any CPU = Release|Any CPU
	EndGlobalSection
	GlobalSection(ProjectConfigurationPlatforms) = postSolution
		{A8F50651-DD6B-487D-8894-01933E6CA72A}.Debug|Any CPU.ActiveCfg = Debug|Any CPU
		{A8F50651-DD6B-487D-8894-01933E6CA72A}.Debug|Any CPU.Build.0 = Debug|Any CPU
		{A8F50651-DD6B-487D-8894-01933E6CA72A}.Release|Any CPU.ActiveCfg = Release|Any CPU
		{A8F50651-DD6B-487D-8894-01933E6CA72A}.Release|Any CPU.Build.0 = Release|Any CPU
		{AF6110D2-DA05-4EF0-8F63-EEE97AFB0818}.Debug|Any CPU.ActiveCfg = Debug|Any CPU
		{AF6110D2-DA05-4EF0-8F63-EEE97AFB0818}.Debug|Any CPU.Build.0 = Debug|Any CPU
		{AF6110D2-DA05-4EF0-8F63-EEE97AFB0818}.Release|Any CPU.ActiveCfg = Release|Any CPU
		{AF6110D2-DA05-4EF0-8F63-EEE97AFB0818}.Release|Any CPU.Build.0 = Release|Any CPU
		{3DDC5877-F0C8-42A5-95BD-B81E6F9A5770}.Debug|Any CPU.ActiveCfg = Debug|Any CPU
		{3DDC5877-F0C8-42A5-95BD-B81E6F9A5770}.Debug|Any CPU.Build.0 = Debug|Any CPU
		{3DDC5877-F0C8-42A5-95BD-B81E6F9A5770}.Release|Any CPU.ActiveCfg = Release|Any CPU
		{3DDC5877-F0C8-42A5-95BD-B81E6F9A5770}.Release|Any CPU.Build.0 = Release|Any CPU
	EndGlobalSection
EndGlobal
